
Microsoft Visual Studio Solution File, Format Version 12.00
# Visual Studio Version 17
VisualStudioVersion = 17.4.33205.214
MinimumVisualStudioVersion = 10.0.40219.1
Project("{888888A0-9F3D-457C-B088-3A5042F75D52}") = "Sonastikud", "Sonastikud.pyproj", "{BDB32E4D-3C4F-463A-9C18-1D4F0D43B802}"
EndProject
Global
	GlobalSection(SolutionConfigurationPlatforms) = preSolution
		Debug|Any CPU = Debug|Any CPU
		Release|Any CPU = Release|Any CPU
	EndGlobalSection
	GlobalSection(ProjectConfigurationPlatforms) = postSolution
		{BDB32E4D-3C4F-463A-9C18-1D4F0D43B802}.Debug|Any CPU.ActiveCfg = Debug|Any CPU
		{BDB32E4D-3C4F-463A-9C18-1D4F0D43B802}.Release|Any CPU.ActiveCfg = Release|Any CPU
	EndGlobalSection
	GlobalSection(SolutionProperties) = preSolution
		HideSolutionNode = FALSE
	EndGlobalSection
	GlobalSection(ExtensibilityGlobals) = postSolution
		SolutionGuid = {950E24CF-4BA0-421D-BF1D-6DB01EE73A50}
	EndGlobalSection
EndGlobal
